
Microsoft Visual Studio Solution File, Format Version 12.00
# Visual Studio Version 16
VisualStudioVersion = 16.0.30523.141
MinimumVisualStudioVersion = 10.0.40219.1
Project("{FAE04EC0-301F-11D3-BF4B-00C04F79EFBC}") = "rekurzePenize", "rekurzePenize\rekurzePenize.csproj", "{F8B62350-68A2-410F-B7C8-66220DF3CEC0}"
EndProject
Global
	GlobalSection(SolutionConfigurationPlatforms) = preSolution
		Debug|Any CPU = Debug|Any CPU
		Release|Any CPU = Release|Any CPU
	EndGlobalSection
	GlobalSection(ProjectConfigurationPlatforms) = postSolution
		{F8B62350-68A2-410F-B7C8-66220DF3CEC0}.Debug|Any CPU.ActiveCfg = Debug|Any CPU
		{F8B62350-68A2-410F-B7C8-66220DF3CEC0}.Debug|Any CPU.Build.0 = Debug|Any CPU
		{F8B62350-68A2-410F-B7C8-66220DF3CEC0}.Release|Any CPU.ActiveCfg = Release|Any CPU
		{F8B62350-68A2-410F-B7C8-66220DF3CEC0}.Release|Any CPU.Build.0 = Release|Any CPU
	EndGlobalSection
	GlobalSection(SolutionProperties) = preSolution
		HideSolutionNode = FALSE
	EndGlobalSection
	GlobalSection(ExtensibilityGlobals) = postSolution
		SolutionGuid = {DF215E21-0EB3-46C3-AD28-08A8ED28FDE3}
	EndGlobalSection
EndGlobal
